// !$*UTF8*$!
{
	archiveVersion = 1;
	classes = {
	};
	objectVersion = 46;
	objects = {

/* Begin PBXBuildFile section */
		9C6D4F131A6BFE8500B10961 /* AppDelegate.swift in Sources */ = {isa = PBXBuildFile; fileRef = 9C6D4F121A6BFE8500B10961 /* AppDelegate.swift */; };
		9C6D4F151A6BFE8500B10961 /* ViewController.swift in Sources */ = {isa = PBXBuildFile; fileRef = 9C6D4F141A6BFE8500B10961 /* ViewController.swift */; };
		9C6D4F181A6BFE8500B10961 /* Main.storyboard in Resources */ = {isa = PBXBuildFile; fileRef = 9C6D4F161A6BFE8500B10961 /* Main.storyboard */; };
		9C6D4F1A1A6BFE8500B10961 /* Images.xcassets in Resources */ = {isa = PBXBuildFile; fileRef = 9C6D4F191A6BFE8500B10961 /* Images.xcassets */; };
		9C6D4F1D1A6BFE8500B10961 /* LaunchScreen.xib in Resources */ = {isa = PBXBuildFile; fileRef = 9C6D4F1B1A6BFE8500B10961 /* LaunchScreen.xib */; };
		9C6D4F291A6BFE8500B10961 /* SwiftSpinnerDemoTests.swift in Sources */ = {isa = PBXBuildFile; fileRef = 9C6D4F281A6BFE8500B10961 /* SwiftSpinnerDemoTests.swift */; };
		BAB7CFF9FC1DACFCDAB95C84 /* Pods_SwiftSpinnerDemo.framework in Frameworks */ = {isa = PBXBuildFile; fileRef = F58C7ECEFE04EA0294B00353 /* Pods_SwiftSpinnerDemo.framework */; settings = {ATTRIBUTES = (Weak, ); }; };
/* End PBXBuildFile section */

/* Begin PBXContainerItemProxy section */
		9C6D4F231A6BFE8500B10961 /* PBXContainerItemProxy */ = {
			isa = PBXContainerItemProxy;
			containerPortal = 9C6D4F051A6BFE8500B10961 /* Project object */;
			proxyType = 1;
			remoteGlobalIDString = 9C6D4F0C1A6BFE8500B10961;
			remoteInfo = SwiftSpinnerDemo;
		};
/* End PBXContainerItemProxy section */

/* Begin PBXFileReference section */
		2EE7CBCE61FFCC5D777E1E56 /* Pods-SwiftSpinnerDemo.debug.xcconfig */ = {isa = PBXFileReference; includeInIndex = 1; lastKnownFileType = text.xcconfig; name = "Pods-SwiftSpinnerDemo.debug.xcconfig"; path = "Pods/Target Support Files/Pods-SwiftSpinnerDemo/Pods-SwiftSpinnerDemo.debug.xcconfig"; sourceTree = "<group>"; };
		7269BB1A68AD95F9000FD8F6 /* Pods-SwiftSpinnerDemo.release.xcconfig */ = {isa = PBXFileReference; includeInIndex = 1; lastKnownFileType = text.xcconfig; name = "Pods-SwiftSpinnerDemo.release.xcconfig"; path = "Pods/Target Support Files/Pods-SwiftSpinnerDemo/Pods-SwiftSpinnerDemo.release.xcconfig"; sourceTree = "<group>"; };
		9C6D4F0D1A6BFE8500B10961 /* SwiftSpinnerDemo.app */ = {isa = PBXFileReference; explicitFileType = wrapper.application; includeInIndex = 0; path = SwiftSpinnerDemo.app; sourceTree = BUILT_PRODUCTS_DIR; };
		9C6D4F111A6BFE8500B10961 /* Info.plist */ = {isa = PBXFileReference; lastKnownFileType = text.plist.xml; path = Info.plist; sourceTree = "<group>"; };
		9C6D4F121A6BFE8500B10961 /* AppDelegate.swift */ = {isa = PBXFileReference; lastKnownFileType = sourcecode.swift; path = AppDelegate.swift; sourceTree = "<group>"; };
		9C6D4F141A6BFE8500B10961 /* ViewController.swift */ = {isa = PBXFileReference; lastKnownFileType = sourcecode.swift; path = ViewController.swift; sourceTree = "<group>"; };
		9C6D4F171A6BFE8500B10961 /* Base */ = {isa = PBXFileReference; lastKnownFileType = file.storyboard; name = Base; path = Base.lproj/Main.storyboard; sourceTree = "<group>"; };
		9C6D4F191A6BFE8500B10961 /* Images.xcassets */ = {isa = PBXFileReference; lastKnownFileType = folder.assetcatalog; path = Images.xcassets; sourceTree = "<group>"; };
		9C6D4F1C1A6BFE8500B10961 /* Base */ = {isa = PBXFileReference; lastKnownFileType = file.xib; name = Base; path = Base.lproj/LaunchScreen.xib; sourceTree = "<group>"; };
		9C6D4F221A6BFE8500B10961 /* SwiftSpinnerDemoTests.xctest */ = {isa = PBXFileReference; explicitFileType = wrapper.cfbundle; includeInIndex = 0; path = SwiftSpinnerDemoTests.xctest; sourceTree = BUILT_PRODUCTS_DIR; };
		9C6D4F271A6BFE8500B10961 /* Info.plist */ = {isa = PBXFileReference; lastKnownFileType = text.plist.xml; path = Info.plist; sourceTree = "<group>"; };
		9C6D4F281A6BFE8500B10961 /* SwiftSpinnerDemoTests.swift */ = {isa = PBXFileReference; lastKnownFileType = sourcecode.swift; path = SwiftSpinnerDemoTests.swift; sourceTree = "<group>"; };
		F58C7ECEFE04EA0294B00353 /* Pods_SwiftSpinnerDemo.framework */ = {isa = PBXFileReference; explicitFileType = wrapper.framework; includeInIndex = 0; path = Pods_SwiftSpinnerDemo.framework; sourceTree = BUILT_PRODUCTS_DIR; };
/* End PBXFileReference section */

/* Begin PBXFrameworksBuildPhase section */
		9C6D4F0A1A6BFE8500B10961 /* Frameworks */ = {
			isa = PBXFrameworksBuildPhase;
			buildActionMask = 2147483647;
			files = (
				BAB7CFF9FC1DACFCDAB95C84 /* Pods_SwiftSpinnerDemo.framework in Frameworks */,
			);
			runOnlyForDeploymentPostprocessing = 0;
		};
		9C6D4F1F1A6BFE8500B10961 /* Frameworks */ = {
			isa = PBXFrameworksBuildPhase;
			buildActionMask = 2147483647;
			files = (
			);
			runOnlyForDeploymentPostprocessing = 0;
		};
/* End PBXFrameworksBuildPhase section */

/* Begin PBXGroup section */
		9C6D4F041A6BFE8500B10961 = {
			isa = PBXGroup;
			children = (
				9C6D4F0F1A6BFE8500B10961 /* SwiftSpinnerDemo */,
				9C6D4F251A6BFE8500B10961 /* SwiftSpinnerTests */,
				9C6D4F0E1A6BFE8500B10961 /* Products */,
				A92674FBE13907CECA6DED0A /* Pods */,
				CF72F0AD5AFF6E2C8DBADED0 /* Frameworks */,
			);
			sourceTree = "<group>";
		};
		9C6D4F0E1A6BFE8500B10961 /* Products */ = {
			isa = PBXGroup;
			children = (
				9C6D4F0D1A6BFE8500B10961 /* SwiftSpinnerDemo.app */,
				9C6D4F221A6BFE8500B10961 /* SwiftSpinnerDemoTests.xctest */,
			);
			name = Products;
			sourceTree = "<group>";
		};
		9C6D4F0F1A6BFE8500B10961 /* SwiftSpinnerDemo */ = {
			isa = PBXGroup;
			children = (
				9C6D4F121A6BFE8500B10961 /* AppDelegate.swift */,
				9C6D4F141A6BFE8500B10961 /* ViewController.swift */,
				9C6D4F161A6BFE8500B10961 /* Main.storyboard */,
				9C6D4F191A6BFE8500B10961 /* Images.xcassets */,
				9C6D4F1B1A6BFE8500B10961 /* LaunchScreen.xib */,
				9C6D4F101A6BFE8500B10961 /* Supporting Files */,
			);
			path = SwiftSpinnerDemo;
			sourceTree = "<group>";
		};
		9C6D4F101A6BFE8500B10961 /* Supporting Files */ = {
			isa = PBXGroup;
			children = (
				9C6D4F111A6BFE8500B10961 /* Info.plist */,
			);
			name = "Supporting Files";
			sourceTree = "<group>";
		};
		9C6D4F251A6BFE8500B10961 /* SwiftSpinnerTests */ = {
			isa = PBXGroup;
			children = (
				9C6D4F281A6BFE8500B10961 /* SwiftSpinnerDemoTests.swift */,
				9C6D4F261A6BFE8500B10961 /* Supporting Files */,
			);
			name = SwiftSpinnerTests;
			path = SwiftSpinnerDemoTests;
			sourceTree = "<group>";
		};
		9C6D4F261A6BFE8500B10961 /* Supporting Files */ = {
			isa = PBXGroup;
			children = (
				9C6D4F271A6BFE8500B10961 /* Info.plist */,
			);
			name = "Supporting Files";
			sourceTree = "<group>";
		};
		A92674FBE13907CECA6DED0A /* Pods */ = {
			isa = PBXGroup;
			children = (
				2EE7CBCE61FFCC5D777E1E56 /* Pods-SwiftSpinnerDemo.debug.xcconfig */,
				7269BB1A68AD95F9000FD8F6 /* Pods-SwiftSpinnerDemo.release.xcconfig */,
			);
			name = Pods;
			sourceTree = "<group>";
		};
		CF72F0AD5AFF6E2C8DBADED0 /* Frameworks */ = {
			isa = PBXGroup;
			children = (
				F58C7ECEFE04EA0294B00353 /* Pods_SwiftSpinnerDemo.framework */,
			);
			name = Frameworks;
			sourceTree = "<group>";
		};
/* End PBXGroup section */

/* Begin PBXNativeTarget section */
		9C6D4F0C1A6BFE8500B10961 /* SwiftSpinnerDemo */ = {
			isa = PBXNativeTarget;
			buildConfigurationList = 9C6D4F2C1A6BFE8500B10961 /* Build configuration list for PBXNativeTarget "SwiftSpinnerDemo" */;
			buildPhases = (
				999FF0A134F82FAD080319D6 /* Check Pods Manifest.lock */,
				9C6D4F091A6BFE8500B10961 /* Sources */,
				9C6D4F0A1A6BFE8500B10961 /* Frameworks */,
				9C6D4F0B1A6BFE8500B10961 /* Resources */,
				74D5287CAC98DBAE98356E3E /* Copy Pods Resources */,
				73F78F40328C841193FCE6BA /* Embed Pods Frameworks */,
			);
			buildRules = (
			);
			dependencies = (
			);
			name = SwiftSpinnerDemo;
			productName = SwiftSpinnerDemo;
			productReference = 9C6D4F0D1A6BFE8500B10961 /* SwiftSpinnerDemo.app */;
			productType = "com.apple.product-type.application";
		};
		9C6D4F211A6BFE8500B10961 /* SwiftSpinnerDemoTests */ = {
			isa = PBXNativeTarget;
			buildConfigurationList = 9C6D4F2F1A6BFE8500B10961 /* Build configuration list for PBXNativeTarget "SwiftSpinnerDemoTests" */;
			buildPhases = (
				9C6D4F1E1A6BFE8500B10961 /* Sources */,
				9C6D4F1F1A6BFE8500B10961 /* Frameworks */,
				9C6D4F201A6BFE8500B10961 /* Resources */,
			);
			buildRules = (
			);
			dependencies = (
				9C6D4F241A6BFE8500B10961 /* PBXTargetDependency */,
			);
			name = SwiftSpinnerDemoTests;
			productName = SwiftSpinnerDemoTests;
			productReference = 9C6D4F221A6BFE8500B10961 /* SwiftSpinnerDemoTests.xctest */;
			productType = "com.apple.product-type.bundle.unit-test";
		};
/* End PBXNativeTarget section */

/* Begin PBXProject section */
		9C6D4F051A6BFE8500B10961 /* Project object */ = {
			isa = PBXProject;
			attributes = {
				LastSwiftMigration = 0700;
				LastSwiftUpdateCheck = 0700;
				LastUpgradeCheck = 0620;
				ORGANIZATIONNAME = "Underplot ltd.";
				TargetAttributes = {
					9C6D4F0C1A6BFE8500B10961 = {
						CreatedOnToolsVersion = 6.2;
					};
					9C6D4F211A6BFE8500B10961 = {
						CreatedOnToolsVersion = 6.2;
						TestTargetID = 9C6D4F0C1A6BFE8500B10961;
					};
				};
			};
			buildConfigurationList = 9C6D4F081A6BFE8500B10961 /* Build configuration list for PBXProject "SwiftSpinnerDemo" */;
			compatibilityVersion = "Xcode 3.2";
			developmentRegion = English;
			hasScannedForEncodings = 0;
			knownRegions = (
				en,
				Base,
			);
			mainGroup = 9C6D4F041A6BFE8500B10961;
			productRefGroup = 9C6D4F0E1A6BFE8500B10961 /* Products */;
			projectDirPath = "";
			projectRoot = "";
			targets = (
				9C6D4F0C1A6BFE8500B10961 /* SwiftSpinnerDemo */,
				9C6D4F211A6BFE8500B10961 /* SwiftSpinnerDemoTests */,
			);
		};
/* End PBXProject section */

/* Begin PBXResourcesBuildPhase section */
		9C6D4F0B1A6BFE8500B10961 /* Resources */ = {
			isa = PBXResourcesBuildPhase;
			buildActionMask = 2147483647;
			files = (
				9C6D4F181A6BFE8500B10961 /* Main.storyboard in Resources */,
				9C6D4F1D1A6BFE8500B10961 /* LaunchScreen.xib in Resources */,
				9C6D4F1A1A6BFE8500B10961 /* Images.xcassets in Resources */,
			);
			runOnlyForDeploymentPostprocessing = 0;
		};
		9C6D4F201A6BFE8500B10961 /* Resources */ = {
			isa = PBXResourcesBuildPhase;
			buildActionMask = 2147483647;
			files = (
			);
			runOnlyForDeploymentPostprocessing = 0;
		};
/* End PBXResourcesBuildPhase section */

/* Begin PBXShellScriptBuildPhase section */
		73F78F40328C841193FCE6BA /* Embed Pods Frameworks */ = {
			isa = PBXShellScriptBuildPhase;
			buildActionMask = 2147483647;
			files = (
			);
			inputPaths = (
			);
			name = "Embed Pods Frameworks";
			outputPaths = (
			);
			runOnlyForDeploymentPostprocessing = 0;
			shellPath = /bin/sh;
			shellScript = "\"${SRCROOT}/Pods/Target Support Files/Pods-SwiftSpinnerDemo/Pods-SwiftSpinnerDemo-frameworks.sh\"\n";
			showEnvVarsInLog = 0;
		};
		74D5287CAC98DBAE98356E3E /* Copy Pods Resources */ = {
			isa = PBXShellScriptBuildPhase;
			buildActionMask = 2147483647;
			files = (
			);
			inputPaths = (
			);
			name = "Copy Pods Resources";
			outputPaths = (
			);
			runOnlyForDeploymentPostprocessing = 0;
			shellPath = /bin/sh;
			shellScript = "\"${SRCROOT}/Pods/Target Support Files/Pods-SwiftSpinnerDemo/Pods-SwiftSpinnerDemo-resources.sh\"\n";
			showEnvVarsInLog = 0;
		};
		999FF0A134F82FAD080319D6 /* Check Pods Manifest.lock */ = {
			isa = PBXShellScriptBuildPhase;
			buildActionMask = 2147483647;
			files = (
			);
			inputPaths = (
			);
			name = "Check Pods Manifest.lock";
			outputPaths = (
			);
			runOnlyForDeploymentPostprocessing = 0;
			shellPath = /bin/sh;
			shellScript = "diff \"${PODS_ROOT}/../Podfile.lock\" \"${PODS_ROOT}/Manifest.lock\" > /dev/null\nif [[ $? != 0 ]] ; then\n    cat << EOM\nerror: The sandbox is not in sync with the Podfile.lock. Run 'pod install' or update your CocoaPods installation.\nEOM\n    exit 1\nfi\n";
			showEnvVarsInLog = 0;
		};
/* End PBXShellScriptBuildPhase section */

/* Begin PBXSourcesBuildPhase section */
		9C6D4F091A6BFE8500B10961 /* Sources */ = {
			isa = PBXSourcesBuildPhase;
			buildActionMask = 2147483647;
			files = (
				9C6D4F151A6BFE8500B10961 /* ViewController.swift in Sources */,
				9C6D4F131A6BFE8500B10961 /* AppDelegate.swift in Sources */,
			);
			runOnlyForDeploymentPostprocessing = 0;
		};
		9C6D4F1E1A6BFE8500B10961 /* Sources */ = {
			isa = PBXSourcesBuildPhase;
			buildActionMask = 2147483647;
			files = (
				9C6D4F291A6BFE8500B10961 /* SwiftSpinnerDemoTests.swift in Sources */,
			);
			runOnlyForDeploymentPostprocessing = 0;
		};
/* End PBXSourcesBuildPhase section */

/* Begin PBXTargetDependency section */
		9C6D4F241A6BFE8500B10961 /* PBXTargetDependency */ = {
			isa = PBXTargetDependency;
			target = 9C6D4F0C1A6BFE8500B10961 /* SwiftSpinnerDemo */;
			targetProxy = 9C6D4F231A6BFE8500B10961 /* PBXContainerItemProxy */;
		};
/* End PBXTargetDependency section */

/* Begin PBXVariantGroup section */
		9C6D4F161A6BFE8500B10961 /* Main.storyboard */ = {
			isa = PBXVariantGroup;
			children = (
				9C6D4F171A6BFE8500B10961 /* Base */,
			);
			name = Main.storyboard;
			sourceTree = "<group>";
		};
		9C6D4F1B1A6BFE8500B10961 /* LaunchScreen.xib */ = {
			isa = PBXVariantGroup;
			children = (
				9C6D4F1C1A6BFE8500B10961 /* Base */,
			);
			name = LaunchScreen.xib;
			sourceTree = "<group>";
		};
/* End PBXVariantGroup section */

/* Begin XCBuildConfiguration section */
		9C6D4F2A1A6BFE8500B10961 /* Debug */ = {
			isa = XCBuildConfiguration;
			buildSettings = {
				ALWAYS_SEARCH_USER_PATHS = NO;
				CLANG_CXX_LANGUAGE_STANDARD = "gnu++0x";
				CLANG_CXX_LIBRARY = "libc++";
				CLANG_ENABLE_MODULES = YES;
				CLANG_ENABLE_OBJC_ARC = YES;
				CLANG_WARN_BOOL_CONVERSION = YES;
				CLANG_WARN_CONSTANT_CONVERSION = YES;
				CLANG_WARN_DIRECT_OBJC_ISA_USAGE = YES_ERROR;
				CLANG_WARN_EMPTY_BODY = YES;
				CLANG_WARN_ENUM_CONVERSION = YES;
				CLANG_WARN_INT_CONVERSION = YES;
				CLANG_WARN_OBJC_ROOT_CLASS = YES_ERROR;
				CLANG_WARN_UNREACHABLE_CODE = YES;
				CLANG_WARN__DUPLICATE_METHOD_MATCH = YES;
				"CODE_SIGN_IDENTITY[sdk=iphoneos*]" = "iPhone Developer";
				COPY_PHASE_STRIP = NO;
				ENABLE_STRICT_OBJC_MSGSEND = YES;
				GCC_C_LANGUAGE_STANDARD = gnu99;
				GCC_DYNAMIC_NO_PIC = NO;
				GCC_OPTIMIZATION_LEVEL = 0;
				GCC_PREPROCESSOR_DEFINITIONS = (
					"DEBUG=1",
					"$(inherited)",
				);
				GCC_SYMBOLS_PRIVATE_EXTERN = NO;
				GCC_WARN_64_TO_32_BIT_CONVERSION = YES;
				GCC_WARN_ABOUT_RETURN_TYPE = YES_ERROR;
				GCC_WARN_UNDECLARED_SELECTOR = YES;
				GCC_WARN_UNINITIALIZED_AUTOS = YES_AGGRESSIVE;
				GCC_WARN_UNUSED_FUNCTION = YES;
				GCC_WARN_UNUSED_VARIABLE = YES;
				IPHONEOS_DEPLOYMENT_TARGET = 8.1;
				MTL_ENABLE_DEBUG_INFO = YES;
				ONLY_ACTIVE_ARCH = YES;
				SDKROOT = iphoneos;
				SWIFT_OPTIMIZATION_LEVEL = "-Onone";
			};
			name = Debug;
		};
		9C6D4F2B1A6BFE8500B10961 /* Release */ = {
			isa = XCBuildConfiguration;
			buildSettings = {
				ALWAYS_SEARCH_USER_PATHS = NO;
				CLANG_CXX_LANGUAGE_STANDARD = "gnu++0x";
				CLANG_CXX_LIBRARY = "libc++";
				CLANG_ENABLE_MODULES = YES;
				CLANG_ENABLE_OBJC_ARC = YES;
				CLANG_WARN_BOOL_CONVERSION = YES;
				CLANG_WARN_CONSTANT_CONVERSION = YES;
				CLANG_WARN_DIRECT_OBJC_ISA_USAGE = YES_ERROR;
				CLANG_WARN_EMPTY_BODY = YES;
				CLANG_WARN_ENUM_CONVERSION = YES;
				CLANG_WARN_INT_CONVERSION = YES;
				CLANG_WARN_OBJC_ROOT_CLASS = YES_ERROR;
				CLANG_WARN_UNREACHABLE_CODE = YES;
				CLANG_WARN__DUPLICATE_METHOD_MATCH = YES;
				"CODE_SIGN_IDENTITY[sdk=iphoneos*]" = "iPhone Developer";
				COPY_PHASE_STRIP = NO;
				ENABLE_NS_ASSERTIONS = NO;
				ENABLE_STRICT_OBJC_MSGSEND = YES;
				GCC_C_LANGUAGE_STANDARD = gnu99;
				GCC_WARN_64_TO_32_BIT_CONVERSION = YES;
				GCC_WARN_ABOUT_RETURN_TYPE = YES_ERROR;
				GCC_WARN_UNDECLARED_SELECTOR = YES;
				GCC_WARN_UNINITIALIZED_AUTOS = YES_AGGRESSIVE;
				GCC_WARN_UNUSED_FUNCTION = YES;
				GCC_WARN_UNUSED_VARIABLE = YES;
				IPHONEOS_DEPLOYMENT_TARGET = 8.1;
				MTL_ENABLE_DEBUG_INFO = NO;
				SDKROOT = iphoneos;
				VALIDATE_PRODUCT = YES;
			};
			name = Release;
		};
		9C6D4F2D1A6BFE8500B10961 /* Debug */ = {
			isa = XCBuildConfiguration;
			baseConfigurationReference = 2EE7CBCE61FFCC5D777E1E56 /* Pods-SwiftSpinnerDemo.debug.xcconfig */;
			buildSettings = {
				ASSETCATALOG_COMPILER_APPICON_NAME = AppIcon;
				INFOPLIST_FILE = SwiftSpinnerDemo/Info.plist;
				IPHONEOS_DEPLOYMENT_TARGET = 8.0;
				LD_RUNPATH_SEARCH_PATHS = "$(inherited) @executable_path/Frameworks";
				PRODUCT_NAME = "$(TARGET_NAME)";
				TARGETED_DEVICE_FAMILY = "1,2";
			};
			name = Debug;
		};
		9C6D4F2E1A6BFE8500B10961 /* Release */ = {
			isa = XCBuildConfiguration;
			baseConfigurationReference = 7269BB1A68AD95F9000FD8F6 /* Pods-SwiftSpinnerDemo.release.xcconfig */;
			buildSettings = {
				ASSETCATALOG_COMPILER_APPICON_NAME = AppIcon;
				INFOPLIST_FILE = SwiftSpinnerDemo/Info.plist;
				IPHONEOS_DEPLOYMENT_TARGET = 8.0;
				LD_RUNPATH_SEARCH_PATHS = "$(inherited) @executable_path/Frameworks";
				PRODUCT_NAME = "$(TARGET_NAME)";
				TARGETED_DEVICE_FAMILY = "1,2";
			};
			name = Release;
		};
		9C6D4F301A6BFE8500B10961 /* Debug */ = {
			isa = XCBuildConfiguration;
			buildSettings = {
				BUNDLE_LOADER = "$(TEST_HOST)";
				FRAMEWORK_SEARCH_PATHS = (
					"$(SDKROOT)/Developer/Library/Frameworks",
					"$(inherited)",
				);
				GCC_PREPROCESSOR_DEFINITIONS = (
					"DEBUG=1",
					"$(inherited)",
				);
				INFOPLIST_FILE = SwiftSpinnerDemoTests/Info.plist;
				LD_RUNPATH_SEARCH_PATHS = "$(inherited) @executable_path/Frameworks @loader_path/Frameworks";
				PRODUCT_NAME = "$(TARGET_NAME)";
				TEST_HOST = "$(BUILT_PRODUCTS_DIR)/SwiftSpinnerDemo.app/SwiftSpinnerDemo";
			};
			name = Debug;
		};
		9C6D4F311A6BFE8500B10961 /* Release */ = {
			isa = XCBuildConfiguration;
			buildSettings = {
				BUNDLE_LOADER = "$(TEST_HOST)";
				FRAMEWORK_SEARCH_PATHS = (
					"$(SDKROOT)/Developer/Library/Frameworks",
					"$(inherited)",
				);
				INFOPLIST_FILE = SwiftSpinnerDemoTests/Info.plist;
				LD_RUNPATH_SEARCH_PATHS = "$(inherited) @executable_path/Frameworks @loader_path/Frameworks";
				PRODUCT_NAME = "$(TARGET_NAME)";
				TEST_HOST = "$(BUILT_PRODUCTS_DIR)/SwiftSpinnerDemo.app/SwiftSpinnerDemo";
			};
			name = Release;
		};
/* End XCBuildConfiguration section */

/* Begin XCConfigurationList section */
		9C6D4F081A6BFE8500B10961 /* Build configuration list for PBXProject "SwiftSpinnerDemo" */ = {
			isa = XCConfigurationList;
			buildConfigurations = (
				9C6D4F2A1A6BFE8500B10961 /* Debug */,
				9C6D4F2B1A6BFE8500B10961 /* Release */,
			);
			defaultConfigurationIsVisible = 0;
			defaultConfigurationName = Release;
		};
		9C6D4F2C1A6BFE8500B10961 /* Build configuration list for PBXNativeTarget "SwiftSpinnerDemo" */ = {
			isa = XCConfigurationList;
			buildConfigurations = (
				9C6D4F2D1A6BFE8500B10961 /* Debug */,
				9C6D4F2E1A6BFE8500B10961 /* Release */,
			);
			defaultConfigurationIsVisible = 0;
			defaultConfigurationName = Release;
		};
		9C6D4F2F1A6BFE8500B10961 /* Build configuration list for PBXNativeTarget "SwiftSpinnerDemoTests" */ = {
			isa = XCConfigurationList;
			buildConfigurations = (
				9C6D4F301A6BFE8500B10961 /* Debug */,
				9C6D4F311A6BFE8500B10961 /* Release */,
			);
			defaultConfigurationIsVisible = 0;
			defaultConfigurationName = Release;
		};
/* End XCConfigurationList section */
	};
	rootObject = 9C6D4F051A6BFE8500B10961 /* Project object */;
}
